Microsoft Visual Studio Solution File, Format Version 11.00
# Visual Studio 2008

Project("{AD0CDBC9-5A8F-BC9C-E0B4-123FBB06E7DB}") = "PepperUnityPluginExample", "Assembly-CSharp.csproj", "{818FA4C9-5EA5-56CC-A917-B3637CAB7B8B}"
EndProject
Global
	GlobalSection(SolutionConfigurationPlatforms) = preSolution
		Debug|Any CPU = Debug|Any CPU
		Release|Any CPU = Release|Any CPU
	EndGlobalSection
	GlobalSection(ProjectConfigurationPlatforms) = postSolution
		{818FA4C9-5EA5-56CC-A917-B3637CAB7B8B}.Debug|Any CPU.ActiveCfg = Debug|Any CPU
		{818FA4C9-5EA5-56CC-A917-B3637CAB7B8B}.Debug|Any CPU.Build.0 = Debug|Any CPU
		{818FA4C9-5EA5-56CC-A917-B3637CAB7B8B}.Release|Any CPU.ActiveCfg = Release|Any CPU
		{818FA4C9-5EA5-56CC-A917-B3637CAB7B8B}.Release|Any CPU.Build.0 = Release|Any CPU
	EndGlobalSection
	GlobalSection(SolutionProperties) = preSolution
		HideSolutionNode = FALSE
	EndGlobalSection
	GlobalSection(MonoDevelopProperties) = preSolution
		StartupItem = Assembly-CSharp.csproj
	EndGlobalSection
EndGlobal
